
Microsoft Visual Studio Solution File, Format Version 12.00
# Visual Studio 15
VisualStudioVersion = 15.0.27004.2005
MinimumVisualStudioVersion = 10.0.40219.1
Project("{888888A0-9F3D-457C-B088-3A5042F75D52}") = "Rougelike Development", "Rougelike Development.pyproj", "{CA80772A-8D88-414D-89A3-83C09D0F5C94}"
EndProject
Global
	GlobalSection(SolutionConfigurationPlatforms) = preSolution
		Debug|Any CPU = Debug|Any CPU
		Release|Any CPU = Release|Any CPU
	EndGlobalSection
	GlobalSection(ProjectConfigurationPlatforms) = postSolution
		{CA80772A-8D88-414D-89A3-83C09D0F5C94}.Debug|Any CPU.ActiveCfg = Debug|Any CPU
		{CA80772A-8D88-414D-89A3-83C09D0F5C94}.Release|Any CPU.ActiveCfg = Release|Any CPU
	EndGlobalSection
	GlobalSection(SolutionProperties) = preSolution
		HideSolutionNode = FALSE
	EndGlobalSection
	GlobalSection(ExtensibilityGlobals) = postSolution
		SolutionGuid = {E5F0C9C1-4FE3-4EEE-8AD1-87CA838B888C}
	EndGlobalSection
EndGlobal
